
Microsoft Visual Studio Solution File, Format Version 12.00
# Visual Studio Version 16
VisualStudioVersion = 16.0.30011.22
MinimumVisualStudioVersion = 10.0.40219.1
Project("{FAE04EC0-301F-11D3-BF4B-00C04F79EFBC}") = "SerialPortTest", "SerialPortTest\SerialPortTest.csproj", "{384056F8-145C-407E-848E-85093275D3A8}"
EndProject
Global
	GlobalSection(SolutionConfigurationPlatforms) = preSolution
		Debug|Any CPU = Debug|Any CPU
		Release|Any CPU = Release|Any CPU
	EndGlobalSection
	GlobalSection(ProjectConfigurationPlatforms) = postSolution
		{384056F8-145C-407E-848E-85093275D3A8}.Debug|Any CPU.ActiveCfg = Debug|Any CPU
		{384056F8-145C-407E-848E-85093275D3A8}.Debug|Any CPU.Build.0 = Debug|Any CPU
		{384056F8-145C-407E-848E-85093275D3A8}.Release|Any CPU.ActiveCfg = Release|Any CPU
		{384056F8-145C-407E-848E-85093275D3A8}.Release|Any CPU.Build.0 = Release|Any CPU
	EndGlobalSection
	GlobalSection(SolutionProperties) = preSolution
		HideSolutionNode = FALSE
	EndGlobalSection
	GlobalSection(ExtensibilityGlobals) = postSolution
		SolutionGuid = {448B9ECF-0BE2-48C0-B67B-0EB27B5AD0EB}
	EndGlobalSection
EndGlobal
